
Microsoft Visual Studio Solution File, Format Version 12.00
# Visual Studio 2013
VisualStudioVersion = 12.0.30501.0
MinimumVisualStudioVersion = 10.0.40219.1
Project("{FAE04EC0-301F-11D3-BF4B-00C04F79EFBC}") = "Helpers", "Helpers.csproj", "{C46731B0-690F-4747-9BB7-B08AE61E24EB}"
EndProject
Project("{FAE04EC0-301F-11D3-BF4B-00C04F79EFBC}") = "Helpers.Controls", "Helpers.Controls\Helpers.Controls.csproj", "{5FEF6C64-7C23-47D3-925E-19CBE9DDD131}"
EndProject
Project("{FAE04EC0-301F-11D3-BF4B-00C04F79EFBC}") = "Helpers.Controls.Test", "Helpers.Controls.Test\Helpers.Controls.Test.csproj", "{1A38E66A-7F42-40B9-8FE2-68CCC80A2169}"
EndProject
Global
	GlobalSection(SolutionConfigurationPlatforms) = preSolution
		Debug|x64 = Debug|x64
		Debug|x86 = Debug|x86
		Release|x64 = Release|x64
		Release|x86 = Release|x86
	EndGlobalSection
	GlobalSection(ProjectConfigurationPlatforms) = postSolution
		{C46731B0-690F-4747-9BB7-B08AE61E24EB}.Debug|x64.ActiveCfg = Debug|x64
		{C46731B0-690F-4747-9BB7-B08AE61E24EB}.Debug|x64.Build.0 = Debug|x64
		{C46731B0-690F-4747-9BB7-B08AE61E24EB}.Debug|x86.ActiveCfg = Debug|x86
		{C46731B0-690F-4747-9BB7-B08AE61E24EB}.Debug|x86.Build.0 = Debug|x86
		{C46731B0-690F-4747-9BB7-B08AE61E24EB}.Release|x64.ActiveCfg = Release|x64
		{C46731B0-690F-4747-9BB7-B08AE61E24EB}.Release|x64.Build.0 = Release|x64
		{C46731B0-690F-4747-9BB7-B08AE61E24EB}.Release|x86.ActiveCfg = Release|x86
		{C46731B0-690F-4747-9BB7-B08AE61E24EB}.Release|x86.Build.0 = Release|x86
		{5FEF6C64-7C23-47D3-925E-19CBE9DDD131}.Debug|x64.ActiveCfg = Debug|x64
		{5FEF6C64-7C23-47D3-925E-19CBE9DDD131}.Debug|x64.Build.0 = Debug|x64
		{5FEF6C64-7C23-47D3-925E-19CBE9DDD131}.Debug|x86.ActiveCfg = Debug|x86
		{5FEF6C64-7C23-47D3-925E-19CBE9DDD131}.Debug|x86.Build.0 = Debug|x86
		{5FEF6C64-7C23-47D3-925E-19CBE9DDD131}.Release|x64.ActiveCfg = Release|x64
		{5FEF6C64-7C23-47D3-925E-19CBE9DDD131}.Release|x64.Build.0 = Release|x64
		{5FEF6C64-7C23-47D3-925E-19CBE9DDD131}.Release|x86.ActiveCfg = Release|x86
		{5FEF6C64-7C23-47D3-925E-19CBE9DDD131}.Release|x86.Build.0 = Release|x86
		{1A38E66A-7F42-40B9-8FE2-68CCC80A2169}.Debug|x64.ActiveCfg = Debug|x64
		{1A38E66A-7F42-40B9-8FE2-68CCC80A2169}.Debug|x64.Build.0 = Debug|x64
		{1A38E66A-7F42-40B9-8FE2-68CCC80A2169}.Debug|x86.ActiveCfg = Debug|x86
		{1A38E66A-7F42-40B9-8FE2-68CCC80A2169}.Debug|x86.Build.0 = Debug|x86
		{1A38E66A-7F42-40B9-8FE2-68CCC80A2169}.Release|x64.ActiveCfg = Release|x64
		{1A38E66A-7F42-40B9-8FE2-68CCC80A2169}.Release|x64.Build.0 = Release|x64
		{1A38E66A-7F42-40B9-8FE2-68CCC80A2169}.Release|x86.ActiveCfg = Release|x86
		{1A38E66A-7F42-40B9-8FE2-68CCC80A2169}.Release|x86.Build.0 = Release|x86
	EndGlobalSection
	GlobalSection(SolutionProperties) = preSolution
		HideSolutionNode = FALSE
	EndGlobalSection
EndGlobal
